
Microsoft Visual Studio Solution File, Format Version 12.00
# Visual Studio 15
VisualStudioVersion = 15.0.26730.16
MinimumVisualStudioVersion = 10.0.40219.1
Project("{9A19103F-16F7-4668-BE54-9A1E7A4F7556}") = "Markov", "Markov\Markov.csproj", "{0F2FC2A1-31DA-4676-B21A-34C563813C01}"
EndProject
Project("{9A19103F-16F7-4668-BE54-9A1E7A4F7556}") = "Harness", "Harness\Harness.csproj", "{94EA268F-9F7F-4AB8-A0CA-AE5608B063EF}"
EndProject
Global
	GlobalSection(Performance) = preSolution
		HasPerformanceSessions = true
	EndGlobalSection
	GlobalSection(SolutionConfigurationPlatforms) = preSolution
		Debug|Any CPU = Debug|Any CPU
		Release|Any CPU = Release|Any CPU
	EndGlobalSection
	GlobalSection(ProjectConfigurationPlatforms) = postSolution
		{0F2FC2A1-31DA-4676-B21A-34C563813C01}.Debug|Any CPU.ActiveCfg = Debug|Any CPU
		{0F2FC2A1-31DA-4676-B21A-34C563813C01}.Debug|Any CPU.Build.0 = Debug|Any CPU
		{0F2FC2A1-31DA-4676-B21A-34C563813C01}.Release|Any CPU.ActiveCfg = Release|Any CPU
		{0F2FC2A1-31DA-4676-B21A-34C563813C01}.Release|Any CPU.Build.0 = Release|Any CPU
		{94EA268F-9F7F-4AB8-A0CA-AE5608B063EF}.Debug|Any CPU.ActiveCfg = Debug|Any CPU
		{94EA268F-9F7F-4AB8-A0CA-AE5608B063EF}.Debug|Any CPU.Build.0 = Debug|Any CPU
		{94EA268F-9F7F-4AB8-A0CA-AE5608B063EF}.Release|Any CPU.ActiveCfg = Release|Any CPU
		{94EA268F-9F7F-4AB8-A0CA-AE5608B063EF}.Release|Any CPU.Build.0 = Release|Any CPU
	EndGlobalSection
	GlobalSection(SolutionProperties) = preSolution
		HideSolutionNode = FALSE
	EndGlobalSection
	GlobalSection(ExtensibilityGlobals) = postSolution
		SolutionGuid = {56D7941B-30E9-4D59-9975-C8F0F91F562C}
	EndGlobalSection
EndGlobal
